dependencies:
  espressif/esp-dsp:
    component_hash: 3e7bbd487f1357a1d4944d0c85966d049501ea281b8a4c7f93f7cfedd5b7f23d
    source:
      service_url: https://api.components.espressif.com/
      type: service
    version: 1.4.12
  espressif/esp-sr:
    component_hash: 16af25295f531495fe7e36cf2e8c8bb49629be42c38a56f55f4ded825ada0ffc
    source:
      service_url: https://api.components.espressif.com/
      type: service
    version: 1.7.1
  idf:
    component_hash: null
    source:
      type: idf
    version: 5.2.2
manifest_hash: 75487029041e7b8a90aee3f9e240e69c53a8327360700f3694c42c947c8ac86c
target: esp32s3
version: 1.0.0
